// !$*UTF8*$!
{
	archiveVersion = 1;
	classes = {
	};
	objectVersion = 50;
	objects = {

/* Begin PBXBuildFile section */
		CE10FA912212916E007806E4 /* AppDelegate.swift in Sources */ = {isa = PBXBuildFile; fileRef = CE10FA902212916E007806E4 /* AppDelegate.swift */; };
		CE10FA932212916E007806E4 /* ViewController.swift in Sources */ = {isa = PBXBuildFile; fileRef = CE10FA922212916E007806E4 /* ViewController.swift */; };
		CE10FA962212916E007806E4 /* Main.storyboard in Resources */ = {isa = PBXBuildFile; fileRef = CE10FA942212916E007806E4 /* Main.storyboard */; };
		CE10FA982212917B007806E4 /* Assets.xcassets in Resources */ = {isa = PBXBuildFile; fileRef = CE10FA972212917B007806E4 /* Assets.xcassets */; };
		CE10FA9B2212917B007806E4 /* LaunchScreen.storyboard in Resources */ = {isa = PBXBuildFile; fileRef = CE10FA992212917B007806E4 /* LaunchScreen.storyboard */; };
		CE468C282212EA54007CFF2A /* GroupViewController.swift in Sources */ = {isa = PBXBuildFile; fileRef = CE468C272212EA54007CFF2A /* GroupViewController.swift */; };
		CE468C2A2212EA6F007CFF2A /* AlarmViewController.swift in Sources */ = {isa = PBXBuildFile; fileRef = CE468C292212EA6F007CFF2A /* AlarmViewController.swift */; };
		CE468C2C2212F1E4007CFF2A /* Group.swift in Sources */ = {isa = PBXBuildFile; fileRef = CE468C2B2212F1E4007CFF2A /* Group.swift */; };
		CE468C2E2212F1F6007CFF2A /* Alarm.swift in Sources */ = {isa = PBXBuildFile; fileRef = CE468C2D2212F1F6007CFF2A /* Alarm.swift */; };
		CE6C7C382214471000DA9779 /* Helper.swift in Sources */ = {isa = PBXBuildFile; fileRef = CE6C7C372214471000DA9779 /* Helper.swift */; };
/* End PBXBuildFile section */

/* Begin PBXFileReference section */
		CE10FA8D2212916E007806E4 /* armadillo.app */ = {isa = PBXFileReference; explicitFileType = wrapper.application; includeInIndex = 0; path = armadillo.app; sourceTree = BUILT_PRODUCTS_DIR; };
		CE10FA902212916E007806E4 /* AppDelegate.swift */ = {isa = PBXFileReference; lastKnownFileType = sourcecode.swift; path = AppDelegate.swift; sourceTree = "<group>"; };
		CE10FA922212916E007806E4 /* ViewController.swift */ = {isa = PBXFileReference; lastKnownFileType = sourcecode.swift; path = ViewController.swift; sourceTree = "<group>"; };
		CE10FA952212916E007806E4 /* Base */ = {isa = PBXFileReference; lastKnownFileType = file.storyboard; name = Base; path = Base.lproj/Main.storyboard; sourceTree = "<group>"; };
		CE10FA972212917B007806E4 /* Assets.xcassets */ = {isa = PBXFileReference; lastKnownFileType = folder.assetcatalog; path = Assets.xcassets; sourceTree = "<group>"; };
		CE10FA9A2212917B007806E4 /* Base */ = {isa = PBXFileReference; lastKnownFileType = file.storyboard; name = Base; path = Base.lproj/LaunchScreen.storyboard; sourceTree = "<group>"; };
		CE10FA9C2212917B007806E4 /* Info.plist */ = {isa = PBXFileReference; lastKnownFileType = text.plist.xml; path = Info.plist; sourceTree = "<group>"; };
		CE468C272212EA54007CFF2A /* GroupViewController.swift */ = {isa = PBXFileReference; lastKnownFileType = sourcecode.swift; path = GroupViewController.swift; sourceTree = "<group>"; };
		CE468C292212EA6F007CFF2A /* AlarmViewController.swift */ = {isa = PBXFileReference; lastKnownFileType = sourcecode.swift; path = AlarmViewController.swift; sourceTree = "<group>"; };
		CE468C2B2212F1E4007CFF2A /* Group.swift */ = {isa = PBXFileReference; lastKnownFileType = sourcecode.swift; path = Group.swift; sourceTree = "<group>"; };
		CE468C2D2212F1F6007CFF2A /* Alarm.swift */ = {isa = PBXFileReference; lastKnownFileType = sourcecode.swift; path = Alarm.swift; sourceTree = "<group>"; };
		CE6C7C372214471000DA9779 /* Helper.swift */ = {isa = PBXFileReference; lastKnownFileType = sourcecode.swift; path = Helper.swift; sourceTree = "<group>"; };
/* End PBXFileReference section */

/* Begin PBXFrameworksBuildPhase section */
		CE10FA8A2212916E007806E4 /* Frameworks */ = {
			isa = PBXFrameworksBuildPhase;
			buildActionMask = 2147483647;
			files = (
			);
			runOnlyForDeploymentPostprocessing = 0;
		};
/* End PBXFrameworksBuildPhase section */

/* Begin PBXGroup section */
		CE10FA842212916E007806E4 = {
			isa = PBXGroup;
			children = (
				CE10FA8F2212916E007806E4 /* armadillo */,
				CE10FA8E2212916E007806E4 /* Products */,
			);
			sourceTree = "<group>";
		};
		CE10FA8E2212916E007806E4 /* Products */ = {
			isa = PBXGroup;
			children = (
				CE10FA8D2212916E007806E4 /* armadillo.app */,
			);
			name = Products;
			sourceTree = "<group>";
		};
		CE10FA8F2212916E007806E4 /* armadillo */ = {
			isa = PBXGroup;
			children = (
				CE6C7C372214471000DA9779 /* Helper.swift */,
				CE10FA902212916E007806E4 /* AppDelegate.swift */,
				CE10FA922212916E007806E4 /* ViewController.swift */,
				CE468C272212EA54007CFF2A /* GroupViewController.swift */,
				CE468C292212EA6F007CFF2A /* AlarmViewController.swift */,
				CE468C2F2212FA89007CFF2A /* Model */,
				CE10FA942212916E007806E4 /* Main.storyboard */,
				CE10FA972212917B007806E4 /* Assets.xcassets */,
				CE10FA992212917B007806E4 /* LaunchScreen.storyboard */,
				CE10FA9C2212917B007806E4 /* Info.plist */,
			);
			path = armadillo;
			sourceTree = "<group>";
		};
		CE468C2F2212FA89007CFF2A /* Model */ = {
			isa = PBXGroup;
			children = (
				CE468C2B2212F1E4007CFF2A /* Group.swift */,
				CE468C2D2212F1F6007CFF2A /* Alarm.swift */,
			);
			path = Model;
			sourceTree = "<group>";
		};
/* End PBXGroup section */

/* Begin PBXNativeTarget section */
		CE10FA8C2212916E007806E4 /* armadillo */ = {
			isa = PBXNativeTarget;
			buildConfigurationList = CE10FA9F2212917B007806E4 /* Build configuration list for PBXNativeTarget "armadillo" */;
			buildPhases = (
				CE10FA892212916E007806E4 /* Sources */,
				CE10FA8A2212916E007806E4 /* Frameworks */,
				CE10FA8B2212916E007806E4 /* Resources */,
			);
			buildRules = (
			);
			dependencies = (
			);
			name = armadillo;
			productName = armadillo;
			productReference = CE10FA8D2212916E007806E4 /* armadillo.app */;
			productType = "com.apple.product-type.application";
		};
/* End PBXNativeTarget section */

/* Begin PBXProject section */
		CE10FA852212916E007806E4 /* Project object */ = {
			isa = PBXProject;
			attributes = {
				LastSwiftUpdateCheck = 1010;
				LastUpgradeCheck = 1010;
				ORGANIZATIONNAME = test;
				TargetAttributes = {
					CE10FA8C2212916E007806E4 = {
						CreatedOnToolsVersion = 10.1;
					};
				};
			};
			buildConfigurationList = CE10FA882212916E007806E4 /* Build configuration list for PBXProject "armadillo" */;
			compatibilityVersion = "Xcode 9.3";
			developmentRegion = en;
			hasScannedForEncodings = 0;
			knownRegions = (
				en,
				Base,
			);
			mainGroup = CE10FA842212916E007806E4;
			productRefGroup = CE10FA8E2212916E007806E4 /* Products */;
			projectDirPath = "";
			projectRoot = "";
			targets = (
				CE10FA8C2212916E007806E4 /* armadillo */,
			);
		};
/* End PBXProject section */

/* Begin PBXResourcesBuildPhase section */
		CE10FA8B2212916E007806E4 /* Resources */ = {
			isa = PBXResourcesBuildPhase;
			buildActionMask = 2147483647;
			files = (
				CE10FA9B2212917B007806E4 /* LaunchScreen.storyboard in Resources */,
				CE10FA982212917B007806E4 /* Assets.xcassets in Resources */,
				CE10FA962212916E007806E4 /* Main.storyboard in Resources */,
			);
			runOnlyForDeploymentPostprocessing = 0;
		};
/* End PBXResourcesBuildPhase section */

/* Begin PBXSourcesBuildPhase section */
		CE10FA892212916E007806E4 /* Sources */ = {
			isa = PBXSourcesBuildPhase;
			buildActionMask = 2147483647;
			files = (
				CE468C2A2212EA6F007CFF2A /* AlarmViewController.swift in Sources */,
				CE6C7C382214471000DA9779 /* Helper.swift in Sources */,
				CE468C282212EA54007CFF2A /* GroupViewController.swift in Sources */,
				CE10FA932212916E007806E4 /* ViewController.swift in Sources */,
				CE468C2C2212F1E4007CFF2A /* Group.swift in Sources */,
				CE10FA912212916E007806E4 /* AppDelegate.swift in Sources */,
				CE468C2E2212F1F6007CFF2A /* Alarm.swift in Sources */,
			);
			runOnlyForDeploymentPostprocessing = 0;
		};
/* End PBXSourcesBuildPhase section */

/* Begin PBXVariantGroup section */
		CE10FA942212916E007806E4 /* Main.storyboard */ = {
			isa = PBXVariantGroup;
			children = (
				CE10FA952212916E007806E4 /* Base */,
			);
			name = Main.storyboard;
			sourceTree = "<group>";
		};
		CE10FA992212917B007806E4 /* LaunchScreen.storyboard */ = {
			isa = PBXVariantGroup;
			children = (
				CE10FA9A2212917B007806E4 /* Base */,
			);
			name = LaunchScreen.storyboard;
			sourceTree = "<group>";
		};
/* End PBXVariantGroup section */

/* Begin XCBuildConfiguration section */
		CE10FA9D2212917B007806E4 /* Debug */ = {
			isa = XCBuildConfiguration;
			buildSettings = {
				ALWAYS_SEARCH_USER_PATHS = NO;
				CLANG_ANALYZER_NONNULL = YES;
				CLANG_ANALYZER_NUMBER_OBJECT_CONVERSION = YES_AGGRESSIVE;
				CLANG_CXX_LANGUAGE_STANDARD = "gnu++14";
				CLANG_CXX_LIBRARY = "libc++";
				CLANG_ENABLE_MODULES = YES;
				CLANG_ENABLE_OBJC_ARC = YES;
				CLANG_ENABLE_OBJC_WEAK = YES;
				CLANG_WARN_BLOCK_CAPTURE_AUTORELEASING = YES;
				CLANG_WARN_BOOL_CONVERSION = YES;
				CLANG_WARN_COMMA = YES;
				CLANG_WARN_CONSTANT_CONVERSION = YES;
				CLANG_WARN_DEPRECATED_OBJC_IMPLEMENTATIONS = YES;
				CLANG_WARN_DIRECT_OBJC_ISA_USAGE = YES_ERROR;
				CLANG_WARN_DOCUMENTATION_COMMENTS = YES;
				CLANG_WARN_EMPTY_BODY = YES;
				CLANG_WARN_ENUM_CONVERSION = YES;
				CLANG_WARN_INFINITE_RECURSION = YES;
				CLANG_WARN_INT_CONVERSION = YES;
				CLANG_WARN_NON_LITERAL_NULL_CONVERSION = YES;
				CLANG_WARN_OBJC_IMPLICIT_RETAIN_SELF = YES;
				CLANG_WARN_OBJC_LITERAL_CONVERSION = YES;
				CLANG_WARN_OBJC_ROOT_CLASS = YES_ERROR;
				CLANG_WARN_RANGE_LOOP_ANALYSIS = YES;
				CLANG_WARN_STRICT_PROTOTYPES = YES;
				CLANG_WARN_SUSPICIOUS_MOVE = YES;
				CLANG_WARN_UNGUARDED_AVAILABILITY = YES_AGGRESSIVE;
				CLANG_WARN_UNREACHABLE_CODE = YES;
				CLANG_WARN__DUPLICATE_METHOD_MATCH = YES;
				CODE_SIGN_IDENTITY = "iPhone Developer";
				COPY_PHASE_STRIP = NO;
				DEBUG_INFORMATION_FORMAT = dwarf;
				ENABLE_STRICT_OBJC_MSGSEND = YES;
				ENABLE_TESTABILITY = YES;
				GCC_C_LANGUAGE_STANDARD = gnu11;
				GCC_DYNAMIC_NO_PIC = NO;
				GCC_NO_COMMON_BLOCKS = YES;
				GCC_OPTIMIZATION_LEVEL = 0;
				GCC_PREPROCESSOR_DEFINITIONS = (
					"DEBUG=1",
					"$(inherited)",
				);
				GCC_WARN_64_TO_32_BIT_CONVERSION = YES;
				GCC_WARN_ABOUT_RETURN_TYPE = YES_ERROR;
				GCC_WARN_UNDECLARED_SELECTOR = YES;
				GCC_WARN_UNINITIALIZED_AUTOS = YES_AGGRESSIVE;
				GCC_WARN_UNUSED_FUNCTION = YES;
				GCC_WARN_UNUSED_VARIABLE = YES;
				IPHONEOS_DEPLOYMENT_TARGET = 12.1;
				MTL_ENABLE_DEBUG_INFO = INCLUDE_SOURCE;
				MTL_FAST_MATH = YES;
				ONLY_ACTIVE_ARCH = YES;
				SDKROOT = iphoneos;
				SWIFT_ACTIVE_COMPILATION_CONDITIONS = DEBUG;
				SWIFT_OPTIMIZATION_LEVEL = "-Onone";
			};
			name = Debug;
		};
		CE10FA9E2212917B007806E4 /* Release */ = {
			isa = XCBuildConfiguration;
			buildSettings = {
				ALWAYS_SEARCH_USER_PATHS = NO;
				CLANG_ANALYZER_NONNULL = YES;
				CLANG_ANALYZER_NUMBER_OBJECT_CONVERSION = YES_AGGRESSIVE;
				CLANG_CXX_LANGUAGE_STANDARD = "gnu++14";
				CLANG_CXX_LIBRARY = "libc++";
				CLANG_ENABLE_MODULES = YES;
				CLANG_ENABLE_OBJC_ARC = YES;
				CLANG_ENABLE_OBJC_WEAK = YES;
				CLANG_WARN_BLOCK_CAPTURE_AUTORELEASING = YES;
				CLANG_WARN_BOOL_CONVERSION = YES;
				CLANG_WARN_COMMA = YES;
				CLANG_WARN_CONSTANT_CONVERSION = YES;
				CLANG_WARN_DEPRECATED_OBJC_IMPLEMENTATIONS = YES;
				CLANG_WARN_DIRECT_OBJC_ISA_USAGE = YES_ERROR;
				CLANG_WARN_DOCUMENTATION_COMMENTS = YES;
				CLANG_WARN_EMPTY_BODY = YES;
				CLANG_WARN_ENUM_CONVERSION = YES;
				CLANG_WARN_INFINITE_RECURSION = YES;
				CLANG_WARN_INT_CONVERSION = YES;
				CLANG_WARN_NON_LITERAL_NULL_CONVERSION = YES;
				CLANG_WARN_OBJC_IMPLICIT_RETAIN_SELF = YES;
				CLANG_WARN_OBJC_LITERAL_CONVERSION = YES;
				CLANG_WARN_OBJC_ROOT_CLASS = YES_ERROR;
				CLANG_WARN_RANGE_LOOP_ANALYSIS = YES;
				CLANG_WARN_STRICT_PROTOTYPES = YES;
				CLANG_WARN_SUSPICIOUS_MOVE = YES;
				CLANG_WARN_UNGUARDED_AVAILABILITY = YES_AGGRESSIVE;
				CLANG_WARN_UNREACHABLE_CODE = YES;
				CLANG_WARN__DUPLICATE_METHOD_MATCH = YES;
				CODE_SIGN_IDENTITY = "iPhone Developer";
				COPY_PHASE_STRIP = NO;
				DEBUG_INFORMATION_FORMAT = "dwarf-with-dsym";
				ENABLE_NS_ASSERTIONS = NO;
				ENABLE_STRICT_OBJC_MSGSEND = YES;
				GCC_C_LANGUAGE_STANDARD = gnu11;
				GCC_NO_COMMON_BLOCKS = YES;
				GCC_WARN_64_TO_32_BIT_CONVERSION = YES;
				GCC_WARN_ABOUT_RETURN_TYPE = YES_ERROR;
				GCC_WARN_UNDECLARED_SELECTOR = YES;
				GCC_WARN_UNINITIALIZED_AUTOS = YES_AGGRESSIVE;
				GCC_WARN_UNUSED_FUNCTION = YES;
				GCC_WARN_UNUSED_VARIABLE = YES;
				IPHONEOS_DEPLOYMENT_TARGET = 12.1;
				MTL_ENABLE_DEBUG_INFO = NO;
				MTL_FAST_MATH = YES;
				SDKROOT = iphoneos;
				SWIFT_COMPILATION_MODE = wholemodule;
				SWIFT_OPTIMIZATION_LEVEL = "-O";
				VALIDATE_PRODUCT = YES;
			};
			name = Release;
		};
		CE10FAA02212917B007806E4 /* Debug */ = {
			isa = XCBuildConfiguration;
			buildSettings = {
				ASSETCATALOG_COMPILER_APPICON_NAME = AppIcon;
				CODE_SIGN_STYLE = Automatic;
				INFOPLIST_FILE = armadillo/Info.plist;
				IPHONEOS_DEPLOYMENT_TARGET = 10.0;
				LD_RUNPATH_SEARCH_PATHS = (
					"$(inherited)",
					"@executable_path/Frameworks",
				);
				PRODUCT_BUNDLE_IDENTIFIER = com.test.armadillo;
				PRODUCT_NAME = "$(TARGET_NAME)";
				SWIFT_VERSION = 4.2;
				TARGETED_DEVICE_FAMILY = "1,2";
			};
			name = Debug;
		};
		CE10FAA12212917B007806E4 /* Release */ = {
			isa = XCBuildConfiguration;
			buildSettings = {
				ASSETCATALOG_COMPILER_APPICON_NAME = AppIcon;
				CODE_SIGN_STYLE = Automatic;
				INFOPLIST_FILE = armadillo/Info.plist;
				IPHONEOS_DEPLOYMENT_TARGET = 10.0;
				LD_RUNPATH_SEARCH_PATHS = (
					"$(inherited)",
					"@executable_path/Frameworks",
				);
				PRODUCT_BUNDLE_IDENTIFIER = com.test.armadillo;
				PRODUCT_NAME = "$(TARGET_NAME)";
				SWIFT_VERSION = 4.2;
				TARGETED_DEVICE_FAMILY = "1,2";
			};
			name = Release;
		};
/* End XCBuildConfiguration section */

/* Begin XCConfigurationList section */
		CE10FA882212916E007806E4 /* Build configuration list for PBXProject "armadillo" */ = {
			isa = XCConfigurationList;
			buildConfigurations = (
				CE10FA9D2212917B007806E4 /* Debug */,
				CE10FA9E2212917B007806E4 /* Release */,
			);
			defaultConfigurationIsVisible = 0;
			defaultConfigurationName = Release;
		};
		CE10FA9F2212917B007806E4 /* Build configuration list for PBXNativeTarget "armadillo" */ = {
			isa = XCConfigurationList;
			buildConfigurations = (
				CE10FAA02212917B007806E4 /* Debug */,
				CE10FAA12212917B007806E4 /* Release */,
			);
			defaultConfigurationIsVisible = 0;
			defaultConfigurationName = Release;
		};
/* End XCConfigurationList section */
	};
	rootObject = CE10FA852212916E007806E4 /* Project object */;
}
